
Microsoft Visual Studio Solution File, Format Version 12.00
# Visual Studio 15
VisualStudioVersion = 15.0.28307.489
MinimumVisualStudioVersion = 10.0.40219.1
Project("{FAE04EC0-301F-11D3-BF4B-00C04F79EFBC}") = "AspNetMvc5Examples.Web", "AspNetMvc5Examples.Web\AspNetMvc5Examples.Web.csproj", "{B3D4BE23-9EC8-42C2-B67D-9DA5D171623F}"
EndProject
Project("{FAE04EC0-301F-11D3-BF4B-00C04F79EFBC}") = "AspNetMvc5Examples.Entities", "AspNetMvc5Examples.Entities\AspNetMvc5Examples.Entities.csproj", "{F18C8005-9101-4637-9E32-80F9D34588E0}"
EndProject
Project("{FAE04EC0-301F-11D3-BF4B-00C04F79EFBC}") = "AspNetMvc5Examples.Business", "AspNetMvc5Examples.Business\AspNetMvc5Examples.Business.csproj", "{0CE0F8DE-FAF6-4657-B567-5231C13EDE9A}"
EndProject
Project("{FAE04EC0-301F-11D3-BF4B-00C04F79EFBC}") = "AspNetMvc5Examples.Resources", "AspNetMvc5Examples.Resources\AspNetMvc5Examples.Resources.csproj", "{10457D15-1F72-4E92-B264-33CE6F223ACA}"
EndProject
Project("{FAE04EC0-301F-11D3-BF4B-00C04F79EFBC}") = "AspNetMvc5Examples.KatanaOwin", "AspNetMvc5Examples.KatanaOwin\AspNetMvc5Examples.KatanaOwin.csproj", "{B6017771-0295-4C16-8397-7F56F0FD362E}"
EndProject
Project("{FAE04EC0-301F-11D3-BF4B-00C04F79EFBC}") = "AspNetMvc5Examples.EntityFrameworkTests", "AspNetMvc5Examples.EntityFrameworkTests\AspNetMvc5Examples.EntityFrameworkTests.csproj", "{7F6BD7EF-1CA5-4703-9257-11A9BE291A0A}"
EndProject
Project("{FAE04EC0-301F-11D3-BF4B-00C04F79EFBC}") = "AspNetMvc5Examples.Api", "AspNetMvc5Examples.Api\AspNetMvc5Examples.Api.csproj", "{ED8928A0-6427-4B06-8187-5CDAA7754E7B}"
EndProject
Project("{2150E333-8FDC-42A3-9474-1A3956D46DE8}") = "Solution Items", "Solution Items", "{D098C486-F361-4EA4-A823-D72D1E2E38BF}"
	ProjectSection(SolutionItems) = preProject
		.editorconfig = .editorconfig
	EndProjectSection
EndProject
Global
	GlobalSection(SolutionConfigurationPlatforms) = preSolution
		Debug|Any CPU = Debug|Any CPU
		Release|Any CPU = Release|Any CPU
	EndGlobalSection
	GlobalSection(ProjectConfigurationPlatforms) = postSolution
		{B3D4BE23-9EC8-42C2-B67D-9DA5D171623F}.Debug|Any CPU.ActiveCfg = Debug|Any CPU
		{B3D4BE23-9EC8-42C2-B67D-9DA5D171623F}.Debug|Any CPU.Build.0 = Debug|Any CPU
		{B3D4BE23-9EC8-42C2-B67D-9DA5D171623F}.Release|Any CPU.ActiveCfg = Release|Any CPU
		{B3D4BE23-9EC8-42C2-B67D-9DA5D171623F}.Release|Any CPU.Build.0 = Release|Any CPU
		{F18C8005-9101-4637-9E32-80F9D34588E0}.Debug|Any CPU.ActiveCfg = Debug|Any CPU
		{F18C8005-9101-4637-9E32-80F9D34588E0}.Debug|Any CPU.Build.0 = Debug|Any CPU
		{F18C8005-9101-4637-9E32-80F9D34588E0}.Release|Any CPU.ActiveCfg = Release|Any CPU
		{F18C8005-9101-4637-9E32-80F9D34588E0}.Release|Any CPU.Build.0 = Release|Any CPU
		{0CE0F8DE-FAF6-4657-B567-5231C13EDE9A}.Debug|Any CPU.ActiveCfg = Debug|Any CPU
		{0CE0F8DE-FAF6-4657-B567-5231C13EDE9A}.Debug|Any CPU.Build.0 = Debug|Any CPU
		{0CE0F8DE-FAF6-4657-B567-5231C13EDE9A}.Release|Any CPU.ActiveCfg = Release|Any CPU
		{0CE0F8DE-FAF6-4657-B567-5231C13EDE9A}.Release|Any CPU.Build.0 = Release|Any CPU
		{10457D15-1F72-4E92-B264-33CE6F223ACA}.Debug|Any CPU.ActiveCfg = Debug|Any CPU
		{10457D15-1F72-4E92-B264-33CE6F223ACA}.Debug|Any CPU.Build.0 = Debug|Any CPU
		{10457D15-1F72-4E92-B264-33CE6F223ACA}.Release|Any CPU.ActiveCfg = Release|Any CPU
		{10457D15-1F72-4E92-B264-33CE6F223ACA}.Release|Any CPU.Build.0 = Release|Any CPU
		{B6017771-0295-4C16-8397-7F56F0FD362E}.Debug|Any CPU.ActiveCfg = Debug|Any CPU
		{B6017771-0295-4C16-8397-7F56F0FD362E}.Debug|Any CPU.Build.0 = Debug|Any CPU
		{B6017771-0295-4C16-8397-7F56F0FD362E}.Release|Any CPU.ActiveCfg = Release|Any CPU
		{B6017771-0295-4C16-8397-7F56F0FD362E}.Release|Any CPU.Build.0 = Release|Any CPU
		{7F6BD7EF-1CA5-4703-9257-11A9BE291A0A}.Debug|Any CPU.ActiveCfg = Debug|Any CPU
		{7F6BD7EF-1CA5-4703-9257-11A9BE291A0A}.Debug|Any CPU.Build.0 = Debug|Any CPU
		{7F6BD7EF-1CA5-4703-9257-11A9BE291A0A}.Release|Any CPU.ActiveCfg = Release|Any CPU
		{7F6BD7EF-1CA5-4703-9257-11A9BE291A0A}.Release|Any CPU.Build.0 = Release|Any CPU
		{ED8928A0-6427-4B06-8187-5CDAA7754E7B}.Debug|Any CPU.ActiveCfg = Debug|Any CPU
		{ED8928A0-6427-4B06-8187-5CDAA7754E7B}.Debug|Any CPU.Build.0 = Debug|Any CPU
		{ED8928A0-6427-4B06-8187-5CDAA7754E7B}.Release|Any CPU.ActiveCfg = Release|Any CPU
		{ED8928A0-6427-4B06-8187-5CDAA7754E7B}.Release|Any CPU.Build.0 = Release|Any CPU
	EndGlobalSection
	GlobalSection(SolutionProperties) = preSolution
		HideSolutionNode = FALSE
	EndGlobalSection
	GlobalSection(ExtensibilityGlobals) = postSolution
		SolutionGuid = {95649D01-70E7-4027-A692-382C87B54FFD}
	EndGlobalSection
EndGlobal
